
Microsoft Visual Studio Solution File, Format Version 12.00
# Visual Studio 15
VisualStudioVersion = 15.0.28307.421
MinimumVisualStudioVersion = 10.0.40219.1
Project("{FAE04EC0-301F-11D3-BF4B-00C04F79EFBC}") = "RTS_Launcher", "RTS_Launcher.csproj", "{7B5E3699-7AEC-4617-86D2-7F15769D2833}"
EndProject
Global
	GlobalSection(SolutionConfigurationPlatforms) = preSolution
		Debug|Any CPU = Debug|Any CPU
		Release|Any CPU = Release|Any CPU
	EndGlobalSection
	GlobalSection(ProjectConfigurationPlatforms) = postSolution
		{7B5E3699-7AEC-4617-86D2-7F15769D2833}.Debug|Any CPU.ActiveCfg = Debug|Any CPU
		{7B5E3699-7AEC-4617-86D2-7F15769D2833}.Debug|Any CPU.Build.0 = Debug|Any CPU
		{7B5E3699-7AEC-4617-86D2-7F15769D2833}.Release|Any CPU.ActiveCfg = Release|Any CPU
		{7B5E3699-7AEC-4617-86D2-7F15769D2833}.Release|Any CPU.Build.0 = Release|Any CPU
	EndGlobalSection
	GlobalSection(SolutionProperties) = preSolution
		HideSolutionNode = FALSE
	EndGlobalSection
	GlobalSection(ExtensibilityGlobals) = postSolution
		SolutionGuid = {5D277BC6-9B10-437E-AD7B-71E2CC70F6CB}
	EndGlobalSection
EndGlobal
